
Microsoft Visual Studio Solution File, Format Version 12.00
# Visual Studio Version 17
VisualStudioVersion = 17.10.35004.147
MinimumVisualStudioVersion = 10.0.40219.1
Project("{FAE04EC0-301F-11D3-BF4B-00C04F79EFBC}") = "UserManagementService", "UserManagementService\UserManagementService.csproj", "{DA179E60-B22B-4683-B364-576652E9CD1B}"
EndProject
Project("{FAE04EC0-301F-11D3-BF4B-00C04F79EFBC}") = "Data.Layer", "Data.Layer\Data.Layer.csproj", "{6C8BB678-10EE-40AE-B001-234B4A5E03F1}"
EndProject
Project("{FAE04EC0-301F-11D3-BF4B-00C04F79EFBC}") = "Service.Layer", "Service.Layer\Service.Layer.csproj", "{4B233DFD-CC81-4AD6-8996-54E22B5F0DD3}"
EndProject
Global
	GlobalSection(SolutionConfigurationPlatforms) = preSolution
		Debug|Any CPU = Debug|Any CPU
		Release|Any CPU = Release|Any CPU
	EndGlobalSection
	GlobalSection(ProjectConfigurationPlatforms) = postSolution
		{DA179E60-B22B-4683-B364-576652E9CD1B}.Debug|Any CPU.ActiveCfg = Debug|Any CPU
		{DA179E60-B22B-4683-B364-576652E9CD1B}.Debug|Any CPU.Build.0 = Debug|Any CPU
		{DA179E60-B22B-4683-B364-576652E9CD1B}.Release|Any CPU.ActiveCfg = Release|Any CPU
		{DA179E60-B22B-4683-B364-576652E9CD1B}.Release|Any CPU.Build.0 = Release|Any CPU
		{6C8BB678-10EE-40AE-B001-234B4A5E03F1}.Debug|Any CPU.ActiveCfg = Debug|Any CPU
		{6C8BB678-10EE-40AE-B001-234B4A5E03F1}.Debug|Any CPU.Build.0 = Debug|Any CPU
		{6C8BB678-10EE-40AE-B001-234B4A5E03F1}.Release|Any CPU.ActiveCfg = Release|Any CPU
		{6C8BB678-10EE-40AE-B001-234B4A5E03F1}.Release|Any CPU.Build.0 = Release|Any CPU
		{4B233DFD-CC81-4AD6-8996-54E22B5F0DD3}.Debug|Any CPU.ActiveCfg = Debug|Any CPU
		{4B233DFD-CC81-4AD6-8996-54E22B5F0DD3}.Debug|Any CPU.Build.0 = Debug|Any CPU
		{4B233DFD-CC81-4AD6-8996-54E22B5F0DD3}.Release|Any CPU.ActiveCfg = Release|Any CPU
		{4B233DFD-CC81-4AD6-8996-54E22B5F0DD3}.Release|Any CPU.Build.0 = Release|Any CPU
	EndGlobalSection
	GlobalSection(SolutionProperties) = preSolution
		HideSolutionNode = FALSE
	EndGlobalSection
	GlobalSection(ExtensibilityGlobals) = postSolution
		SolutionGuid = {3E9DC53A-F210-4D17-8E16-D7E3CF9213DA}
	EndGlobalSection
EndGlobal
